Microsoft Visual Studio Solution File, Format Version 7.00
Project("{FAE04EC0-301F-11D3-BF4B-00C04F79EFBC}") = "ColorButton", "ColorButton.csproj", "{DEFBE28B-3B2E-4324-BBAE-9B9783A29607}"
EndProject
Global
	GlobalSection(SolutionConfiguration) = preSolution
		ConfigName.0 = Debug
		ConfigName.1 = Release
	EndGlobalSection
	GlobalSection(ProjectDependencies) = postSolution
	EndGlobalSection
	GlobalSection(ProjectConfiguration) = postSolution
		{DEFBE28B-3B2E-4324-BBAE-9B9783A29607}.Debug.ActiveCfg = Debug|.NET
		{DEFBE28B-3B2E-4324-BBAE-9B9783A29607}.Debug.Build.0 = Debug|.NET
		{DEFBE28B-3B2E-4324-BBAE-9B9783A29607}.Release.ActiveCfg = Release|.NET
		{DEFBE28B-3B2E-4324-BBAE-9B9783A29607}.Release.Build.0 = Release|.NET
	EndGlobalSection
	GlobalSection(ExtensibilityGlobals) = postSolution
	EndGlobalSection
	GlobalSection(ExtensibilityAddIns) = postSolution
	EndGlobalSection
EndGlobal
