Microsoft Visual Studio Solution File, Format Version 12.00
# Visual Studio 2013
VisualStudioVersion = 12.0.21005.1
MinimumVisualStudioVersion = 10.0.40219.1
Project("{FAE04EC0-301F-11D3-BF4B-00C04F79EFBC}") = "ColorButton", "ColorButton.csproj", "{DEFBE28B-3B2E-4324-BBAE-9B9783A29607}"
EndProject
Project("{FAE04EC0-301F-11D3-BF4B-00C04F79EFBC}") = "WindowsFormsApplication1", "..\WindowsFormsApplication1\WindowsFormsApplication1.csproj", "{2D8DC789-A03E-4213-A4C5-6FDDD0A31476}"
EndProject
Global
	GlobalSection(SolutionConfigurationPlatforms) = preSolution
		Debug|Any CPU = Debug|Any CPU
		Release|Any CPU = Release|Any CPU
	EndGlobalSection
	GlobalSection(ProjectConfigurationPlatforms) = postSolution
		{DEFBE28B-3B2E-4324-BBAE-9B9783A29607}.Debug|Any CPU.ActiveCfg = Debug|Any CPU
		{DEFBE28B-3B2E-4324-BBAE-9B9783A29607}.Debug|Any CPU.Build.0 = Debug|Any CPU
		{DEFBE28B-3B2E-4324-BBAE-9B9783A29607}.Release|Any CPU.ActiveCfg = Release|Any CPU
		{DEFBE28B-3B2E-4324-BBAE-9B9783A29607}.Release|Any CPU.Build.0 = Release|Any CPU
		{2D8DC789-A03E-4213-A4C5-6FDDD0A31476}.Debug|Any CPU.ActiveCfg = Debug|Any CPU
		{2D8DC789-A03E-4213-A4C5-6FDDD0A31476}.Debug|Any CPU.Build.0 = Debug|Any CPU
		{2D8DC789-A03E-4213-A4C5-6FDDD0A31476}.Release|Any CPU.ActiveCfg = Release|Any CPU
		{2D8DC789-A03E-4213-A4C5-6FDDD0A31476}.Release|Any CPU.Build.0 = Release|Any CPU
	EndGlobalSection
	GlobalSection(SolutionProperties) = preSolution
		HideSolutionNode = FALSE
	EndGlobalSection
EndGlobal
