
Microsoft Visual Studio Solution File, Format Version 12.00
# Visual Studio 2013
VisualStudioVersion = 12.0.21005.1
MinimumVisualStudioVersion = 10.0.40219.1
Project("{FAE04EC0-301F-11D3-BF4B-00C04F79EFBC}") = "AH.Shared", "AH.Shared.csproj", "{EFCEF25A-F2D7-4D25-B337-D73F8D29F4AE}"
EndProject
Project("{FAE04EC0-301F-11D3-BF4B-00C04F79EFBC}") = "AH.OracleManager", "..\AH.OracleManager\AH.OracleManager.csproj", "{479925E5-AB52-45B2-BD59-57C2F6F2E4B0}"
EndProject
Project("{FAE04EC0-301F-11D3-BF4B-00C04F79EFBC}") = "WindowsFormsApplication1", "..\WindowsFormsApplication1\WindowsFormsApplication1.csproj", "{69DB31A5-B8BC-4F31-A1DE-90C363CB3516}"
EndProject
Global
	GlobalSection(SolutionConfigurationPlatforms) = preSolution
		Debug|Any CPU = Debug|Any CPU
		Release|Any CPU = Release|Any CPU
	EndGlobalSection
	GlobalSection(ProjectConfigurationPlatforms) = postSolution
		{EFCEF25A-F2D7-4D25-B337-D73F8D29F4AE}.Debug|Any CPU.ActiveCfg = Debug|Any CPU
		{EFCEF25A-F2D7-4D25-B337-D73F8D29F4AE}.Debug|Any CPU.Build.0 = Debug|Any CPU
		{EFCEF25A-F2D7-4D25-B337-D73F8D29F4AE}.Release|Any CPU.ActiveCfg = Release|Any CPU
		{EFCEF25A-F2D7-4D25-B337-D73F8D29F4AE}.Release|Any CPU.Build.0 = Release|Any CPU
		{479925E5-AB52-45B2-BD59-57C2F6F2E4B0}.Debug|Any CPU.ActiveCfg = Debug|Any CPU
		{479925E5-AB52-45B2-BD59-57C2F6F2E4B0}.Debug|Any CPU.Build.0 = Debug|Any CPU
		{479925E5-AB52-45B2-BD59-57C2F6F2E4B0}.Release|Any CPU.ActiveCfg = Release|Any CPU
		{479925E5-AB52-45B2-BD59-57C2F6F2E4B0}.Release|Any CPU.Build.0 = Release|Any CPU
		{69DB31A5-B8BC-4F31-A1DE-90C363CB3516}.Debug|Any CPU.ActiveCfg = Debug|Any CPU
		{69DB31A5-B8BC-4F31-A1DE-90C363CB3516}.Debug|Any CPU.Build.0 = Debug|Any CPU
		{69DB31A5-B8BC-4F31-A1DE-90C363CB3516}.Release|Any CPU.ActiveCfg = Release|Any CPU
		{69DB31A5-B8BC-4F31-A1DE-90C363CB3516}.Release|Any CPU.Build.0 = Release|Any CPU
	EndGlobalSection
	GlobalSection(SolutionProperties) = preSolution
		HideSolutionNode = FALSE
	EndGlobalSection
EndGlobal
